
Microsoft Visual Studio Solution File, Format Version 12.00
# Visual Studio 15
VisualStudioVersion = 15.0.28307.1000
MinimumVisualStudioVersion = 10.0.40219.1
Project("{FAE04EC0-301F-11D3-BF4B-00C04F79EFBC}") = "OsuRandomizer", "OsuRandomizer\OsuRandomizer.csproj", "{52575441-0586-45F5-99EB-584A1A2CEA0D}"
EndProject
Global
	GlobalSection(SolutionConfigurationPlatforms) = preSolution
		Debug|Any CPU = Debug|Any CPU
		Release|Any CPU = Release|Any CPU
	EndGlobalSection
	GlobalSection(ProjectConfigurationPlatforms) = postSolution
		{52575441-0586-45F5-99EB-584A1A2CEA0D}.Debug|Any CPU.ActiveCfg = Debug|Any CPU
		{52575441-0586-45F5-99EB-584A1A2CEA0D}.Debug|Any CPU.Build.0 = Debug|Any CPU
		{52575441-0586-45F5-99EB-584A1A2CEA0D}.Release|Any CPU.ActiveCfg = Release|Any CPU
		{52575441-0586-45F5-99EB-584A1A2CEA0D}.Release|Any CPU.Build.0 = Release|Any CPU
	EndGlobalSection
	GlobalSection(SolutionProperties) = preSolution
		HideSolutionNode = FALSE
	EndGlobalSection
	GlobalSection(ExtensibilityGlobals) = postSolution
		SolutionGuid = {F9A028CB-772A-4CA5-97B7-1D6E31CD95C7}
	EndGlobalSection
EndGlobal
